
Microsoft Visual Studio Solution File, Format Version 11.00
# Visual Studio 2010
Project("{FAE04EC0-301F-11D3-BF4B-00C04F79EFBC}") = "Gengar", "Assembly-CSharp.csproj", "{A36FD529-DE01-4F19-687E-B6A1499956FE}"
EndProject
Global
	GlobalSection(SolutionConfigurationPlatforms) = preSolution
		Debug|Any CPU = Debug|Any CPU
		Release|Any CPU = Release|Any CPU
	EndGlobalSection
	GlobalSection(ProjectConfigurationPlatforms) = postSolution
		{A36FD529-DE01-4F19-687E-B6A1499956FE}.Debug|Any CPU.ActiveCfg = Debug|Any CPU
		{A36FD529-DE01-4F19-687E-B6A1499956FE}.Debug|Any CPU.Build.0 = Debug|Any CPU
		{A36FD529-DE01-4F19-687E-B6A1499956FE}.Release|Any CPU.ActiveCfg = Release|Any CPU
		{A36FD529-DE01-4F19-687E-B6A1499956FE}.Release|Any CPU.Build.0 = Release|Any CPU
	EndGlobalSection
	GlobalSection(SolutionProperties) = preSolution
		HideSolutionNode = FALSE
	EndGlobalSection
	GlobalSection(MonoDevelopProperties) = preSolution
		StartupItem = Assembly-CSharp.csproj
	EndGlobalSection
EndGlobal
